# @generated by Move, please check-in and do not edit manually.

[move]
version = 3
manifest_digest = "2F0EB6BD9D4E0FEBAB982A81B8AC9107FD0D44FAD920A4608452D318A75A87AE"
deps_digest = "F8BBB0CCB2491CA29A3DF03D6F92277A4F3574266507ACD77214D37ECA3F3082"
dependencies = [
  { id = "Sui", name = "Sui" },
]

[[move.package]]
id = "MoveStdlib"
source = { git = "https://github.com/MystenLabs/sui.git", rev = "framework/testnet", subdir = "crates\\sui-framework\\packages\\move-stdlib" }

[[move.package]]
id = "Sui"
source = { git = "https://github.com/MystenLabs/sui.git", rev = "framework/testnet", subdir = "crates/sui-framework/packages/sui-framework" }

dependencies = [
  { id = "MoveStdlib", name = "MoveStdlib" },
]

[move.toolchain-version]
compiler-version = "1.46.0"
edition = "2024"
flavor = "sui"

[env]

[env.devnet]
chain-id = "8d119d9c"
original-published-id = "0x125396d7dbf2736dbe805432de6b7a98c40d579ae215fa7b0f041221c65d2bfe"
latest-published-id = "0x125396d7dbf2736dbe805432de6b7a98c40d579ae215fa7b0f041221c65d2bfe"
published-version = "1"
